
Microsoft Visual Studio Solution File, Format Version 12.00
# Visual Studio Version 16
VisualStudioVersion = 16.0.30907.101
MinimumVisualStudioVersion = 10.0.40219.1
Project("{FAE04EC0-301F-11D3-BF4B-00C04F79EFBC}") = "CurrencyAPI", "CurrencyAPI\CurrencyAPI.csproj", "{E3659AF8-D864-47AD-9E12-EDCEB607EBF7}"
EndProject
Project("{FAE04EC0-301F-11D3-BF4B-00C04F79EFBC}") = "CurrencyDAL", "CurrencyDAL\CurrencyDAL.csproj", "{CF5C70B9-75BF-4330-86D0-4457833C2F47}"
EndProject
Project("{FAE04EC0-301F-11D3-BF4B-00C04F79EFBC}") = "CurrencyCore", "CurrencyCore\CurrencyCore.csproj", "{3C229E15-0D6C-49B4-93EB-611CA58648BD}"
EndProject
Project("{FAE04EC0-301F-11D3-BF4B-00C04F79EFBC}") = "CurrencyEntities", "CurrencyEntities\CurrencyEntities.csproj", "{866E2B8E-3440-4001-9CD2-244773E43891}"
EndProject
Project("{FAE04EC0-301F-11D3-BF4B-00C04F79EFBC}") = "ExternalAPIConsumer", "ExternalAPIConsumer\ExternalAPIConsumer.csproj", "{0922350C-1CF4-403D-ABD2-C23E4A48025B}"
EndProject
Global
	GlobalSection(SolutionConfigurationPlatforms) = preSolution
		Debug|Any CPU = Debug|Any CPU
		Release|Any CPU = Release|Any CPU
	EndGlobalSection
	GlobalSection(ProjectConfigurationPlatforms) = postSolution
		{E3659AF8-D864-47AD-9E12-EDCEB607EBF7}.Debug|Any CPU.ActiveCfg = Debug|Any CPU
		{E3659AF8-D864-47AD-9E12-EDCEB607EBF7}.Debug|Any CPU.Build.0 = Debug|Any CPU
		{E3659AF8-D864-47AD-9E12-EDCEB607EBF7}.Release|Any CPU.ActiveCfg = Release|Any CPU
		{E3659AF8-D864-47AD-9E12-EDCEB607EBF7}.Release|Any CPU.Build.0 = Release|Any CPU
		{CF5C70B9-75BF-4330-86D0-4457833C2F47}.Debug|Any CPU.ActiveCfg = Debug|Any CPU
		{CF5C70B9-75BF-4330-86D0-4457833C2F47}.Debug|Any CPU.Build.0 = Debug|Any CPU
		{CF5C70B9-75BF-4330-86D0-4457833C2F47}.Release|Any CPU.ActiveCfg = Release|Any CPU
		{CF5C70B9-75BF-4330-86D0-4457833C2F47}.Release|Any CPU.Build.0 = Release|Any CPU
		{3C229E15-0D6C-49B4-93EB-611CA58648BD}.Debug|Any CPU.ActiveCfg = Debug|Any CPU
		{3C229E15-0D6C-49B4-93EB-611CA58648BD}.Debug|Any CPU.Build.0 = Debug|Any CPU
		{3C229E15-0D6C-49B4-93EB-611CA58648BD}.Release|Any CPU.ActiveCfg = Release|Any CPU
		{3C229E15-0D6C-49B4-93EB-611CA58648BD}.Release|Any CPU.Build.0 = Release|Any CPU
		{866E2B8E-3440-4001-9CD2-244773E43891}.Debug|Any CPU.ActiveCfg = Debug|Any CPU
		{866E2B8E-3440-4001-9CD2-244773E43891}.Debug|Any CPU.Build.0 = Debug|Any CPU
		{866E2B8E-3440-4001-9CD2-244773E43891}.Release|Any CPU.ActiveCfg = Release|Any CPU
		{866E2B8E-3440-4001-9CD2-244773E43891}.Release|Any CPU.Build.0 = Release|Any CPU
		{0922350C-1CF4-403D-ABD2-C23E4A48025B}.Debug|Any CPU.ActiveCfg = Debug|Any CPU
		{0922350C-1CF4-403D-ABD2-C23E4A48025B}.Debug|Any CPU.Build.0 = Debug|Any CPU
		{0922350C-1CF4-403D-ABD2-C23E4A48025B}.Release|Any CPU.ActiveCfg = Release|Any CPU
		{0922350C-1CF4-403D-ABD2-C23E4A48025B}.Release|Any CPU.Build.0 = Release|Any CPU
	EndGlobalSection
	GlobalSection(SolutionProperties) = preSolution
		HideSolutionNode = FALSE
	EndGlobalSection
	GlobalSection(ExtensibilityGlobals) = postSolution
		SolutionGuid = {773E0B82-0B59-4C7B-90D4-E44B4159F012}
	EndGlobalSection
EndGlobal
